
Microsoft Visual Studio Solution File, Format Version 12.00
# Visual Studio 15
VisualStudioVersion = 15.0.28010.2036
MinimumVisualStudioVersion = 10.0.40219.1
Project("{FAE04EC0-301F-11D3-BF4B-00C04F79EFBC}") = "ConsoleApp1", "ConsoleApp1\ConsoleApp1.csproj", "{058AB47A-FCB2-47D9-AB1E-DA3DFE9DE5C2}"
EndProject
Global
	GlobalSection(SolutionConfigurationPlatforms) = preSolution
		Debug|Any CPU = Debug|Any CPU
		Release|Any CPU = Release|Any CPU
	EndGlobalSection
	GlobalSection(ProjectConfigurationPlatforms) = postSolution
		{058AB47A-FCB2-47D9-AB1E-DA3DFE9DE5C2}.Debug|Any CPU.ActiveCfg = Debug|Any CPU
		{058AB47A-FCB2-47D9-AB1E-DA3DFE9DE5C2}.Debug|Any CPU.Build.0 = Debug|Any CPU
		{058AB47A-FCB2-47D9-AB1E-DA3DFE9DE5C2}.Release|Any CPU.ActiveCfg = Release|Any CPU
		{058AB47A-FCB2-47D9-AB1E-DA3DFE9DE5C2}.Release|Any CPU.Build.0 = Release|Any CPU
	EndGlobalSection
	GlobalSection(SolutionProperties) = preSolution
		HideSolutionNode = FALSE
	EndGlobalSection
	GlobalSection(ExtensibilityGlobals) = postSolution
		SolutionGuid = {C2DF587B-F8BF-463C-B399-6C7701E022AB}
	EndGlobalSection
EndGlobal
